// !$*UTF8*$!
{
	archiveVersion = 1;
	classes = {
	};
	objectVersion = 77;
	objects = {

/* Begin PBXContainerItemProxy section */
		9D5612222E3E7F5C00B85360 /* PBXContainerItemProxy */ = {
			isa = PBXContainerItemProxy;
			containerPortal = 9D56120C2E3E7F5700B85360 /* Project object */;
			proxyType = 1;
			remoteGlobalIDString = 9D5612132E3E7F5700B85360;
			remoteInfo = SchoolDemoCICD;
		};
		9D56122C2E3E7F5D00B85360 /* PBXContainerItemProxy */ = {
			isa = PBXContainerItemProxy;
			containerPortal = 9D56120C2E3E7F5700B85360 /* Project object */;
			proxyType = 1;
			remoteGlobalIDString = 9D5612132E3E7F5700B85360;
			remoteInfo = SchoolDemoCICD;
		};
/* End PBXContainerItemProxy section */

/* Begin PBXFileReference section */
		9D5612142E3E7F5700B85360 /* SchoolDemoCICD.app */ = {isa = PBXFileReference; explicitFileType = wrapper.application; includeInIndex = 0; path = SchoolDemoCICD.app; sourceTree = BUILT_PRODUCTS_DIR; };
		9D5612212E3E7F5C00B85360 /* SchoolDemoCICDTests.xctest */ = {isa = PBXFileReference; explicitFileType = wrapper.cfbundle; includeInIndex = 0; path = SchoolDemoCICDTests.xctest; sourceTree = BUILT_PRODUCTS_DIR; };
		9D56122B2E3E7F5D00B85360 /* SchoolDemoCICDUITests.xctest */ = {isa = PBXFileReference; explicitFileType = wrapper.cfbundle; includeInIndex = 0; path = SchoolDemoCICDUITests.xctest; sourceTree = BUILT_PRODUCTS_DIR; };
/* End PBXFileReference section */

/* Begin PBXFileSystemSynchronizedRootGroup section */
		9D5612162E3E7F5700B85360 /* SchoolDemoCICD */ = {
			isa = PBXFileSystemSynchronizedRootGroup;
			path = SchoolDemoCICD;
			sourceTree = "<group>";
		};
		9D5612242E3E7F5C00B85360 /* SchoolDemoCICDTests */ = {
			isa = PBXFileSystemSynchronizedRootGroup;
			path = SchoolDemoCICDTests;
			sourceTree = "<group>";
		};
		9D56122E2E3E7F5D00B85360 /* SchoolDemoCICDUITests */ = {
			isa = PBXFileSystemSynchronizedRootGroup;
			path = SchoolDemoCICDUITests;
			sourceTree = "<group>";
		};
/* End PBXFileSystemSynchronizedRootGroup section */

/* Begin PBXFrameworksBuildPhase section */
		9D5612112E3E7F5700B85360 /* Frameworks */ = {
			isa = PBXFrameworksBuildPhase;
			buildActionMask = 2147483647;
			files = (
			);
			runOnlyForDeploymentPostprocessing = 0;
		};
		9D56121E2E3E7F5C00B85360 /* Frameworks */ = {
			isa = PBXFrameworksBuildPhase;
			buildActionMask = 2147483647;
			files = (
			);
			runOnlyForDeploymentPostprocessing = 0;
		};
		9D5612282E3E7F5D00B85360 /* Frameworks */ = {
			isa = PBXFrameworksBuildPhase;
			buildActionMask = 2147483647;
			files = (
			);
			runOnlyForDeploymentPostprocessing = 0;
		};
/* End PBXFrameworksBuildPhase section */

/* Begin PBXGroup section */
		9D56120B2E3E7F5700B85360 = {
			isa = PBXGroup;
			children = (
				9D5612162E3E7F5700B85360 /* SchoolDemoCICD */,
				9D5612242E3E7F5C00B85360 /* SchoolDemoCICDTests */,
				9D56122E2E3E7F5D00B85360 /* SchoolDemoCICDUITests */,
				9D5612152E3E7F5700B85360 /* Products */,
			);
			sourceTree = "<group>";
		};
		9D5612152E3E7F5700B85360 /* Products */ = {
			isa = PBXGroup;
			children = (
				9D5612142E3E7F5700B85360 /* SchoolDemoCICD.app */,
				9D5612212E3E7F5C00B85360 /* SchoolDemoCICDTests.xctest */,
				9D56122B2E3E7F5D00B85360 /* SchoolDemoCICDUITests.xctest */,
			);
			name = Products;
			sourceTree = "<group>";
		};
/* End PBXGroup section */

/* Begin PBXNativeTarget section */
		9D5612132E3E7F5700B85360 /* SchoolDemoCICD */ = {
			isa = PBXNativeTarget;
			buildConfigurationList = 9D5612352E3E7F5D00B85360 /* Build configuration list for PBXNativeTarget "SchoolDemoCICD" */;
			buildPhases = (
				9D5612102E3E7F5700B85360 /* Sources */,
				9D5612112E3E7F5700B85360 /* Frameworks */,
				9D5612122E3E7F5700B85360 /* Resources */,
			);
			buildRules = (
			);
			dependencies = (
			);
			fileSystemSynchronizedGroups = (
				9D5612162E3E7F5700B85360 /* SchoolDemoCICD */,
			);
			name = SchoolDemoCICD;
			packageProductDependencies = (
			);
			productName = SchoolDemoCICD;
			productReference = 9D5612142E3E7F5700B85360 /* SchoolDemoCICD.app */;
			productType = "com.apple.product-type.application";
		};
		9D5612202E3E7F5C00B85360 /* SchoolDemoCICDTests */ = {
			isa = PBXNativeTarget;
			buildConfigurationList = 9D5612382E3E7F5D00B85360 /* Build configuration list for PBXNativeTarget "SchoolDemoCICDTests" */;
			buildPhases = (
				9D56121D2E3E7F5C00B85360 /* Sources */,
				9D56121E2E3E7F5C00B85360 /* Frameworks */,
				9D56121F2E3E7F5C00B85360 /* Resources */,
			);
			buildRules = (
			);
			dependencies = (
				9D5612232E3E7F5C00B85360 /* PBXTargetDependency */,
			);
			fileSystemSynchronizedGroups = (
				9D5612242E3E7F5C00B85360 /* SchoolDemoCICDTests */,
			);
			name = SchoolDemoCICDTests;
			packageProductDependencies = (
			);
			productName = SchoolDemoCICDTests;
			productReference = 9D5612212E3E7F5C00B85360 /* SchoolDemoCICDTests.xctest */;
			productType = "com.apple.product-type.bundle.unit-test";
		};
		9D56122A2E3E7F5D00B85360 /* SchoolDemoCICDUITests */ = {
			isa = PBXNativeTarget;
			buildConfigurationList = 9D56123B2E3E7F5D00B85360 /* Build configuration list for PBXNativeTarget "SchoolDemoCICDUITests" */;
			buildPhases = (
				9D5612272E3E7F5D00B85360 /* Sources */,
				9D5612282E3E7F5D00B85360 /* Frameworks */,
				9D5612292E3E7F5D00B85360 /* Resources */,
			);
			buildRules = (
			);
			dependencies = (
				9D56122D2E3E7F5D00B85360 /* PBXTargetDependency */,
			);
			fileSystemSynchronizedGroups = (
				9D56122E2E3E7F5D00B85360 /* SchoolDemoCICDUITests */,
			);
			name = SchoolDemoCICDUITests;
			packageProductDependencies = (
			);
			productName = SchoolDemoCICDUITests;
			productReference = 9D56122B2E3E7F5D00B85360 /* SchoolDemoCICDUITests.xctest */;
			productType = "com.apple.product-type.bundle.ui-testing";
		};
/* End PBXNativeTarget section */

/* Begin PBXProject section */
		9D56120C2E3E7F5700B85360 /* Project object */ = {
			isa = PBXProject;
			attributes = {
				BuildIndependentTargetsInParallel = 1;
				LastSwiftUpdateCheck = 1640;
				LastUpgradeCheck = 1640;
				TargetAttributes = {
					9D5612132E3E7F5700B85360 = {
						CreatedOnToolsVersion = 16.4;
					};
					9D5612202E3E7F5C00B85360 = {
						CreatedOnToolsVersion = 16.4;
						TestTargetID = 9D5612132E3E7F5700B85360;
					};
					9D56122A2E3E7F5D00B85360 = {
						CreatedOnToolsVersion = 16.4;
						TestTargetID = 9D5612132E3E7F5700B85360;
					};
				};
			};
			buildConfigurationList = 9D56120F2E3E7F5700B85360 /* Build configuration list for PBXProject "SchoolDemoCICD" */;
			developmentRegion = en;
			hasScannedForEncodings = 0;
			knownRegions = (
				en,
				Base,
			);
			mainGroup = 9D56120B2E3E7F5700B85360;
			minimizedProjectReferenceProxies = 1;
			preferredProjectObjectVersion = 77;
			productRefGroup = 9D5612152E3E7F5700B85360 /* Products */;
			projectDirPath = "";
			projectRoot = "";
			targets = (
				9D5612132E3E7F5700B85360 /* SchoolDemoCICD */,
				9D5612202E3E7F5C00B85360 /* SchoolDemoCICDTests */,
				9D56122A2E3E7F5D00B85360 /* SchoolDemoCICDUITests */,
			);
		};
/* End PBXProject section */

/* Begin PBXResourcesBuildPhase section */
		9D5612122E3E7F5700B85360 /* Resources */ = {
			isa = PBXResourcesBuildPhase;
			buildActionMask = 2147483647;
			files = (
			);
			runOnlyForDeploymentPostprocessing = 0;
		};
		9D56121F2E3E7F5C00B85360 /* Resources */ = {
			isa = PBXResourcesBuildPhase;
			buildActionMask = 2147483647;
			files = (
			);
			runOnlyForDeploymentPostprocessing = 0;
		};
		9D5612292E3E7F5D00B85360 /* Resources */ = {
			isa = PBXResourcesBuildPhase;
			buildActionMask = 2147483647;
			files = (
			);
			runOnlyForDeploymentPostprocessing = 0;
		};
/* End PBXResourcesBuildPhase section */

/* Begin PBXSourcesBuildPhase section */
		9D5612102E3E7F5700B85360 /* Sources */ = {
			isa = PBXSourcesBuildPhase;
			buildActionMask = 2147483647;
			files = (
			);
			runOnlyForDeploymentPostprocessing = 0;
		};
		9D56121D2E3E7F5C00B85360 /* Sources */ = {
			isa = PBXSourcesBuildPhase;
			buildActionMask = 2147483647;
			files = (
			);
			runOnlyForDeploymentPostprocessing = 0;
		};
		9D5612272E3E7F5D00B85360 /* Sources */ = {
			isa = PBXSourcesBuildPhase;
			buildActionMask = 2147483647;
			files = (
			);
			runOnlyForDeploymentPostprocessing = 0;
		};
/* End PBXSourcesBuildPhase section */

/* Begin PBXTargetDependency section */
		9D5612232E3E7F5C00B85360 /* PBXTargetDependency */ = {
			isa = PBXTargetDependency;
			target = 9D5612132E3E7F5700B85360 /* SchoolDemoCICD */;
			targetProxy = 9D5612222E3E7F5C00B85360 /* PBXContainerItemProxy */;
		};
		9D56122D2E3E7F5D00B85360 /* PBXTargetDependency */ = {
			isa = PBXTargetDependency;
			target = 9D5612132E3E7F5700B85360 /* SchoolDemoCICD */;
			targetProxy = 9D56122C2E3E7F5D00B85360 /* PBXContainerItemProxy */;
		};
/* End PBXTargetDependency section */

/* Begin XCBuildConfiguration section */
		9D5612332E3E7F5D00B85360 /* Debug */ = {
			isa = XCBuildConfiguration;
			buildSettings = {
				ALWAYS_SEARCH_USER_PATHS = NO;
				ASSETCATALOG_COMPILER_GENERATE_SWIFT_ASSET_SYMBOL_EXTENSIONS = YES;
				CLANG_ANALYZER_NONNULL = YES;
				CLANG_ANALYZER_NUMBER_OBJECT_CONVERSION = YES_AGGRESSIVE;
				CLANG_CXX_LANGUAGE_STANDARD = "gnu++20";
				CLANG_ENABLE_MODULES = YES;
				CLANG_ENABLE_OBJC_ARC = YES;
				CLANG_ENABLE_OBJC_WEAK = YES;
				CLANG_WARN_BLOCK_CAPTURE_AUTORELEASING = YES;
				CLANG_WARN_BOOL_CONVERSION = YES;
				CLANG_WARN_COMMA = YES;
				CLANG_WARN_CONSTANT_CONVERSION = YES;
				CLANG_WARN_DEPRECATED_OBJC_IMPLEMENTATIONS = YES;
				CLANG_WARN_DIRECT_OBJC_ISA_USAGE = YES_ERROR;
				CLANG_WARN_DOCUMENTATION_COMMENTS = YES;
				CLANG_WARN_EMPTY_BODY = YES;
				CLANG_WARN_ENUM_CONVERSION = YES;
				CLANG_WARN_INFINITE_RECURSION = YES;
				CLANG_WARN_INT_CONVERSION = YES;
				CLANG_WARN_NON_LITERAL_NULL_CONVERSION = YES;
				CLANG_WARN_OBJC_IMPLICIT_RETAIN_SELF = YES;
				CLANG_WARN_OBJC_LITERAL_CONVERSION = YES;
				CLANG_WARN_OBJC_ROOT_CLASS = YES_ERROR;
				CLANG_WARN_QUOTED_INCLUDE_IN_FRAMEWORK_HEADER = YES;
				CLANG_WARN_RANGE_LOOP_ANALYSIS = YES;
				CLANG_WARN_STRICT_PROTOTYPES = YES;
				CLANG_WARN_SUSPICIOUS_MOVE = YES;
				CLANG_WARN_UNGUARDED_AVAILABILITY = YES_AGGRESSIVE;
				CLANG_WARN_UNREACHABLE_CODE = YES;
				CLANG_WARN__DUPLICATE_METHOD_MATCH = YES;
				COPY_PHASE_STRIP = NO;
				DEBUG_INFORMATION_FORMAT = dwarf;
				DEVELOPMENT_TEAM = 4X32G3T62Z;
				ENABLE_STRICT_OBJC_MSGSEND = YES;
				ENABLE_TESTABILITY = YES;
				ENABLE_USER_SCRIPT_SANDBOXING = YES;
				GCC_C_LANGUAGE_STANDARD = gnu17;
				GCC_DYNAMIC_NO_PIC = NO;
				GCC_NO_COMMON_BLOCKS = YES;
				GCC_OPTIMIZATION_LEVEL = 0;
				GCC_PREPROCESSOR_DEFINITIONS = (
					"DEBUG=1",
					"$(inherited)",
				);
				GCC_WARN_64_TO_32_BIT_CONVERSION = YES;
				GCC_WARN_ABOUT_RETURN_TYPE = YES_ERROR;
				GCC_WARN_UNDECLARED_SELECTOR = YES;
				GCC_WARN_UNINITIALIZED_AUTOS = YES_AGGRESSIVE;
				GCC_WARN_UNUSED_FUNCTION = YES;
				GCC_WARN_UNUSED_VARIABLE = YES;
				IPHONEOS_DEPLOYMENT_TARGET = 18.5;
				LOCALIZATION_PREFERS_STRING_CATALOGS = YES;
				MTL_ENABLE_DEBUG_INFO = INCLUDE_SOURCE;
				MTL_FAST_MATH = YES;
				ONLY_ACTIVE_ARCH = YES;
				SDKROOT = iphoneos;
				SWIFT_ACTIVE_COMPILATION_CONDITIONS = "DEBUG $(inherited)";
				SWIFT_OPTIMIZATION_LEVEL = "-Onone";
			};
			name = Debug;
		};
		9D5612342E3E7F5D00B85360 /* Release */ = {
			isa = XCBuildConfiguration;
			buildSettings = {
				ALWAYS_SEARCH_USER_PATHS = NO;
				ASSETCATALOG_COMPILER_GENERATE_SWIFT_ASSET_SYMBOL_EXTENSIONS = YES;
				CLANG_ANALYZER_NONNULL = YES;
				CLANG_ANALYZER_NUMBER_OBJECT_CONVERSION = YES_AGGRESSIVE;
				CLANG_CXX_LANGUAGE_STANDARD = "gnu++20";
				CLANG_ENABLE_MODULES = YES;
				CLANG_ENABLE_OBJC_ARC = YES;
				CLANG_ENABLE_OBJC_WEAK = YES;
				CLANG_WARN_BLOCK_CAPTURE_AUTORELEASING = YES;
				CLANG_WARN_BOOL_CONVERSION = YES;
				CLANG_WARN_COMMA = YES;
				CLANG_WARN_CONSTANT_CONVERSION = YES;
				CLANG_WARN_DEPRECATED_OBJC_IMPLEMENTATIONS = YES;
				CLANG_WARN_DIRECT_OBJC_ISA_USAGE = YES_ERROR;
				CLANG_WARN_DOCUMENTATION_COMMENTS = YES;
				CLANG_WARN_EMPTY_BODY = YES;
				CLANG_WARN_ENUM_CONVERSION = YES;
				CLANG_WARN_INFINITE_RECURSION = YES;
				CLANG_WARN_INT_CONVERSION = YES;
				CLANG_WARN_NON_LITERAL_NULL_CONVERSION = YES;
				CLANG_WARN_OBJC_IMPLICIT_RETAIN_SELF = YES;
				CLANG_WARN_OBJC_LITERAL_CONVERSION = YES;
				CLANG_WARN_OBJC_ROOT_CLASS = YES_ERROR;
				CLANG_WARN_QUOTED_INCLUDE_IN_FRAMEWORK_HEADER = YES;
				CLANG_WARN_RANGE_LOOP_ANALYSIS = YES;
				CLANG_WARN_STRICT_PROTOTYPES = YES;
				CLANG_WARN_SUSPICIOUS_MOVE = YES;
				CLANG_WARN_UNGUARDED_AVAILABILITY = YES_AGGRESSIVE;
				CLANG_WARN_UNREACHABLE_CODE = YES;
				CLANG_WARN__DUPLICATE_METHOD_MATCH = YES;
				COPY_PHASE_STRIP = NO;
				DEBUG_INFORMATION_FORMAT = "dwarf-with-dsym";
				DEVELOPMENT_TEAM = 4X32G3T62Z;
				ENABLE_NS_ASSERTIONS = NO;
				ENABLE_STRICT_OBJC_MSGSEND = YES;
				ENABLE_USER_SCRIPT_SANDBOXING = YES;
				GCC_C_LANGUAGE_STANDARD = gnu17;
				GCC_NO_COMMON_BLOCKS = YES;
				GCC_WARN_64_TO_32_BIT_CONVERSION = YES;
				GCC_WARN_ABOUT_RETURN_TYPE = YES_ERROR;
				GCC_WARN_UNDECLARED_SELECTOR = YES;
				GCC_WARN_UNINITIALIZED_AUTOS = YES_AGGRESSIVE;
				GCC_WARN_UNUSED_FUNCTION = YES;
				GCC_WARN_UNUSED_VARIABLE = YES;
				IPHONEOS_DEPLOYMENT_TARGET = 18.5;
				LOCALIZATION_PREFERS_STRING_CATALOGS = YES;
				MTL_ENABLE_DEBUG_INFO = NO;
				MTL_FAST_MATH = YES;
				SDKROOT = iphoneos;
				SWIFT_COMPILATION_MODE = wholemodule;
				VALIDATE_PRODUCT = YES;
			};
			name = Release;
		};
		9D5612362E3E7F5D00B85360 /* Debug */ = {
			isa = XCBuildConfiguration;
			buildSettings = {
				ASSETCATALOG_COMPILER_APPICON_NAME = AppIcon;
				ASSETCATALOG_COMPILER_GLOBAL_ACCENT_COLOR_NAME = AccentColor;
				CODE_SIGN_STYLE = Automatic;
				CURRENT_PROJECT_VERSION = 1;
				DEVELOPMENT_TEAM = 4X32G3T62Z;
				ENABLE_PREVIEWS = YES;
				GENERATE_INFOPLIST_FILE = YES;
				INFOPLIST_KEY_UIApplicationSceneManifest_Generation = YES;
				INFOPLIST_KEY_UIApplicationSupportsIndirectInputEvents = YES;
				INFOPLIST_KEY_UILaunchScreen_Generation = YES;
				INFOPLIST_KEY_UISupportedInterfaceOrientations_iPad = "UIInterfaceOrientationPortrait UIInterfaceOrientationPortraitUpsideDown UIInterfaceOrientationLandscapeLeft UIInterfaceOrientationLandscapeRight";
				INFOPLIST_KEY_UISupportedInterfaceOrientations_iPhone = "UIInterfaceOrientationPortrait UIInterfaceOrientationLandscapeLeft UIInterfaceOrientationLandscapeRight";
				LD_RUNPATH_SEARCH_PATHS = (
					"$(inherited)",
					"@executable_path/Frameworks",
				);
				MARKETING_VERSION = 1.0;
				PRODUCT_BUNDLE_IDENTIFIER = com.ay.SchoolDemoCICD;
				PRODUCT_NAME = "$(TARGET_NAME)";
				SWIFT_EMIT_LOC_STRINGS = YES;
				SWIFT_VERSION = 5.0;
				TARGETED_DEVICE_FAMILY = "1,2";
			};
			name = Debug;
		};
		9D5612372E3E7F5D00B85360 /* Release */ = {
			isa = XCBuildConfiguration;
			buildSettings = {
				ASSETCATALOG_COMPILER_APPICON_NAME = AppIcon;
				ASSETCATALOG_COMPILER_GLOBAL_ACCENT_COLOR_NAME = AccentColor;
				CODE_SIGN_STYLE = Automatic;
				CURRENT_PROJECT_VERSION = 1;
				DEVELOPMENT_TEAM = 4X32G3T62Z;
				ENABLE_PREVIEWS = YES;
				GENERATE_INFOPLIST_FILE = YES;
				INFOPLIST_KEY_UIApplicationSceneManifest_Generation = YES;
				INFOPLIST_KEY_UIApplicationSupportsIndirectInputEvents = YES;
				INFOPLIST_KEY_UILaunchScreen_Generation = YES;
				INFOPLIST_KEY_UISupportedInterfaceOrientations_iPad = "UIInterfaceOrientationPortrait UIInterfaceOrientationPortraitUpsideDown UIInterfaceOrientationLandscapeLeft UIInterfaceOrientationLandscapeRight";
				INFOPLIST_KEY_UISupportedInterfaceOrientations_iPhone = "UIInterfaceOrientationPortrait UIInterfaceOrientationLandscapeLeft UIInterfaceOrientationLandscapeRight";
				LD_RUNPATH_SEARCH_PATHS = (
					"$(inherited)",
					"@executable_path/Frameworks",
				);
				MARKETING_VERSION = 1.0;
				PRODUCT_BUNDLE_IDENTIFIER = com.ay.SchoolDemoCICD;
				PRODUCT_NAME = "$(TARGET_NAME)";
				SWIFT_EMIT_LOC_STRINGS = YES;
				SWIFT_VERSION = 5.0;
				TARGETED_DEVICE_FAMILY = "1,2";
			};
			name = Release;
		};
		9D5612392E3E7F5D00B85360 /* Debug */ = {
			isa = XCBuildConfiguration;
			buildSettings = {
				BUNDLE_LOADER = "$(TEST_HOST)";
				CODE_SIGN_STYLE = Automatic;
				CURRENT_PROJECT_VERSION = 1;
				DEVELOPMENT_TEAM = 4X32G3T62Z;
				GENERATE_INFOPLIST_FILE = YES;
				IPHONEOS_DEPLOYMENT_TARGET = 18.5;
				MARKETING_VERSION = 1.0;
				PRODUCT_BUNDLE_IDENTIFIER = com.ay.SchoolDemoCICDTests;
				PRODUCT_NAME = "$(TARGET_NAME)";
				SWIFT_EMIT_LOC_STRINGS = NO;
				SWIFT_VERSION = 5.0;
				TARGETED_DEVICE_FAMILY = "1,2";
				TEST_HOST = "$(BUILT_PRODUCTS_DIR)/SchoolDemoCICD.app/$(BUNDLE_EXECUTABLE_FOLDER_PATH)/SchoolDemoCICD";
			};
			name = Debug;
		};
		9D56123A2E3E7F5D00B85360 /* Release */ = {
			isa = XCBuildConfiguration;
			buildSettings = {
				BUNDLE_LOADER = "$(TEST_HOST)";
				CODE_SIGN_STYLE = Automatic;
				CURRENT_PROJECT_VERSION = 1;
				DEVELOPMENT_TEAM = 4X32G3T62Z;
				GENERATE_INFOPLIST_FILE = YES;
				IPHONEOS_DEPLOYMENT_TARGET = 18.5;
				MARKETING_VERSION = 1.0;
				PRODUCT_BUNDLE_IDENTIFIER = com.ay.SchoolDemoCICDTests;
				PRODUCT_NAME = "$(TARGET_NAME)";
				SWIFT_EMIT_LOC_STRINGS = NO;
				SWIFT_VERSION = 5.0;
				TARGETED_DEVICE_FAMILY = "1,2";
				TEST_HOST = "$(BUILT_PRODUCTS_DIR)/SchoolDemoCICD.app/$(BUNDLE_EXECUTABLE_FOLDER_PATH)/SchoolDemoCICD";
			};
			name = Release;
		};
		9D56123C2E3E7F5D00B85360 /* Debug */ = {
			isa = XCBuildConfiguration;
			buildSettings = {
				CODE_SIGN_STYLE = Automatic;
				CURRENT_PROJECT_VERSION = 1;
				DEVELOPMENT_TEAM = 4X32G3T62Z;
				GENERATE_INFOPLIST_FILE = YES;
				MARKETING_VERSION = 1.0;
				PRODUCT_BUNDLE_IDENTIFIER = com.ay.SchoolDemoCICDUITests;
				PRODUCT_NAME = "$(TARGET_NAME)";
				SWIFT_EMIT_LOC_STRINGS = NO;
				SWIFT_VERSION = 5.0;
				TARGETED_DEVICE_FAMILY = "1,2";
				TEST_TARGET_NAME = SchoolDemoCICD;
			};
			name = Debug;
		};
		9D56123D2E3E7F5D00B85360 /* Release */ = {
			isa = XCBuildConfiguration;
			buildSettings = {
				CODE_SIGN_STYLE = Automatic;
				CURRENT_PROJECT_VERSION = 1;
				DEVELOPMENT_TEAM = 4X32G3T62Z;
				GENERATE_INFOPLIST_FILE = YES;
				MARKETING_VERSION = 1.0;
				PRODUCT_BUNDLE_IDENTIFIER = com.ay.SchoolDemoCICDUITests;
				PRODUCT_NAME = "$(TARGET_NAME)";
				SWIFT_EMIT_LOC_STRINGS = NO;
				SWIFT_VERSION = 5.0;
				TARGETED_DEVICE_FAMILY = "1,2";
				TEST_TARGET_NAME = SchoolDemoCICD;
			};
			name = Release;
		};
/* End XCBuildConfiguration section */

/* Begin XCConfigurationList section */
		9D56120F2E3E7F5700B85360 /* Build configuration list for PBXProject "SchoolDemoCICD" */ = {
			isa = XCConfigurationList;
			buildConfigurations = (
				9D5612332E3E7F5D00B85360 /* Debug */,
				9D5612342E3E7F5D00B85360 /* Release */,
			);
			defaultConfigurationIsVisible = 0;
			defaultConfigurationName = Release;
		};
		9D5612352E3E7F5D00B85360 /* Build configuration list for PBXNativeTarget "SchoolDemoCICD" */ = {
			isa = XCConfigurationList;
			buildConfigurations = (
				9D5612362E3E7F5D00B85360 /* Debug */,
				9D5612372E3E7F5D00B85360 /* Release */,
			);
			defaultConfigurationIsVisible = 0;
			defaultConfigurationName = Release;
		};
		9D5612382E3E7F5D00B85360 /* Build configuration list for PBXNativeTarget "SchoolDemoCICDTests" */ = {
			isa = XCConfigurationList;
			buildConfigurations = (
				9D5612392E3E7F5D00B85360 /* Debug */,
				9D56123A2E3E7F5D00B85360 /* Release */,
			);
			defaultConfigurationIsVisible = 0;
			defaultConfigurationName = Release;
		};
		9D56123B2E3E7F5D00B85360 /* Build configuration list for PBXNativeTarget "SchoolDemoCICDUITests" */ = {
			isa = XCConfigurationList;
			buildConfigurations = (
				9D56123C2E3E7F5D00B85360 /* Debug */,
				9D56123D2E3E7F5D00B85360 /* Release */,
			);
			defaultConfigurationIsVisible = 0;
			defaultConfigurationName = Release;
		};
/* End XCConfigurationList section */
	};
	rootObject = 9D56120C2E3E7F5700B85360 /* Project object */;
}
